
Microsoft Visual Studio Solution File, Format Version 12.00
# Visual Studio Version 16
VisualStudioVersion = 16.0.30717.126
MinimumVisualStudioVersion = 10.0.40219.1
Project("{FAE04EC0-301F-11D3-BF4B-00C04F79EFBC}") = "VentaHard", "VentaHard\VentaHard.csproj", "{0594A4B1-96D3-4A5B-9D32-D64A6325D037}"
EndProject
Global
	GlobalSection(SolutionConfigurationPlatforms) = preSolution
		Debug|Any CPU = Debug|Any CPU
		Release|Any CPU = Release|Any CPU
	EndGlobalSection
	GlobalSection(ProjectConfigurationPlatforms) = postSolution
		{0594A4B1-96D3-4A5B-9D32-D64A6325D037}.Debug|Any CPU.ActiveCfg = Debug|Any CPU
		{0594A4B1-96D3-4A5B-9D32-D64A6325D037}.Debug|Any CPU.Build.0 = Debug|Any CPU
		{0594A4B1-96D3-4A5B-9D32-D64A6325D037}.Release|Any CPU.ActiveCfg = Release|Any CPU
		{0594A4B1-96D3-4A5B-9D32-D64A6325D037}.Release|Any CPU.Build.0 = Release|Any CPU
	EndGlobalSection
	GlobalSection(SolutionProperties) = preSolution
		HideSolutionNode = FALSE
	EndGlobalSection
	GlobalSection(ExtensibilityGlobals) = postSolution
		SolutionGuid = {5BFCB22F-B86A-466B-B954-93A9464DC3F3}
	EndGlobalSection
EndGlobal
